
Microsoft Visual Studio Solution File, Format Version 12.00
# Visual Studio Version 17
VisualStudioVersion = 17.1.32414.318
MinimumVisualStudioVersion = 10.0.40219.1
Project("{FAE04EC0-301F-11D3-BF4B-00C04F79EFBC}") = "DeberS7_v1.Android", "DeberS7_v1.Android\DeberS7_v1.Android.csproj", "{4A290318-08C4-43B3-86E5-2DEBC524797E}"
EndProject
Project("{FAE04EC0-301F-11D3-BF4B-00C04F79EFBC}") = "DeberS7_v1.iOS", "DeberS7_v1.iOS\DeberS7_v1.iOS.csproj", "{5C7544A6-A1FA-444F-9313-C713C884A601}"
EndProject
Project("{FAE04EC0-301F-11D3-BF4B-00C04F79EFBC}") = "DeberS7_v1", "DeberS7_v1\DeberS7_v1.csproj", "{AC445498-DF8C-4D02-8E34-C4502250D1C8}"
EndProject
Global
	GlobalSection(SolutionConfigurationPlatforms) = preSolution
		Debug|Any CPU = Debug|Any CPU
		Debug|iPhone = Debug|iPhone
		Debug|iPhoneSimulator = Debug|iPhoneSimulator
		Release|Any CPU = Release|Any CPU
		Release|iPhone = Release|iPhone
		Release|iPhoneSimulator = Release|iPhoneSimulator
	EndGlobalSection
	GlobalSection(ProjectConfigurationPlatforms) = postSolution
		{4A290318-08C4-43B3-86E5-2DEBC524797E}.Debug|Any CPU.ActiveCfg = Debug|Any CPU
		{4A290318-08C4-43B3-86E5-2DEBC524797E}.Debug|Any CPU.Build.0 = Debug|Any CPU
		{4A290318-08C4-43B3-86E5-2DEBC524797E}.Debug|Any CPU.Deploy.0 = Debug|Any CPU
		{4A290318-08C4-43B3-86E5-2DEBC524797E}.Debug|iPhone.ActiveCfg = Debug|Any CPU
		{4A290318-08C4-43B3-86E5-2DEBC524797E}.Debug|iPhone.Build.0 = Debug|Any CPU
		{4A290318-08C4-43B3-86E5-2DEBC524797E}.Debug|iPhone.Deploy.0 = Debug|Any CPU
		{4A290318-08C4-43B3-86E5-2DEBC524797E}.Debug|iPhoneSimulator.ActiveCfg = Debug|Any CPU
		{4A290318-08C4-43B3-86E5-2DEBC524797E}.Debug|iPhoneSimulator.Build.0 = Debug|Any CPU
		{4A290318-08C4-43B3-86E5-2DEBC524797E}.Debug|iPhoneSimulator.Deploy.0 = Debug|Any CPU
		{4A290318-08C4-43B3-86E5-2DEBC524797E}.Release|Any CPU.ActiveCfg = Release|Any CPU
		{4A290318-08C4-43B3-86E5-2DEBC524797E}.Release|Any CPU.Build.0 = Release|Any CPU
		{4A290318-08C4-43B3-86E5-2DEBC524797E}.Release|Any CPU.Deploy.0 = Release|Any CPU
		{4A290318-08C4-43B3-86E5-2DEBC524797E}.Release|iPhone.ActiveCfg = Release|Any CPU
		{4A290318-08C4-43B3-86E5-2DEBC524797E}.Release|iPhone.Build.0 = Release|Any CPU
		{4A290318-08C4-43B3-86E5-2DEBC524797E}.Release|iPhone.Deploy.0 = Release|Any CPU
		{4A290318-08C4-43B3-86E5-2DEBC524797E}.Release|iPhoneSimulator.ActiveCfg = Release|Any CPU
		{4A290318-08C4-43B3-86E5-2DEBC524797E}.Release|iPhoneSimulator.Build.0 = Release|Any CPU
		{4A290318-08C4-43B3-86E5-2DEBC524797E}.Release|iPhoneSimulator.Deploy.0 = Release|Any CPU
		{5C7544A6-A1FA-444F-9313-C713C884A601}.Debug|Any CPU.ActiveCfg = Debug|iPhone
		{5C7544A6-A1FA-444F-9313-C713C884A601}.Debug|Any CPU.Build.0 = Debug|iPhone
		{5C7544A6-A1FA-444F-9313-C713C884A601}.Debug|Any CPU.Deploy.0 = Debug|iPhone
		{5C7544A6-A1FA-444F-9313-C713C884A601}.Debug|iPhone.ActiveCfg = Debug|iPhone
		{5C7544A6-A1FA-444F-9313-C713C884A601}.Debug|iPhone.Build.0 = Debug|iPhone
		{5C7544A6-A1FA-444F-9313-C713C884A601}.Debug|iPhone.Deploy.0 = Debug|iPhone
		{5C7544A6-A1FA-444F-9313-C713C884A601}.Debug|iPhoneSimulator.ActiveCfg = Debug|iPhoneSimulator
		{5C7544A6-A1FA-444F-9313-C713C884A601}.Debug|iPhoneSimulator.Build.0 = Debug|iPhoneSimulator
		{5C7544A6-A1FA-444F-9313-C713C884A601}.Debug|iPhoneSimulator.Deploy.0 = Debug|iPhoneSimulator
		{5C7544A6-A1FA-444F-9313-C713C884A601}.Release|Any CPU.ActiveCfg = Release|iPhoneSimulator
		{5C7544A6-A1FA-444F-9313-C713C884A601}.Release|Any CPU.Build.0 = Release|iPhoneSimulator
		{5C7544A6-A1FA-444F-9313-C713C884A601}.Release|Any CPU.Deploy.0 = Release|iPhoneSimulator
		{5C7544A6-A1FA-444F-9313-C713C884A601}.Release|iPhone.ActiveCfg = Release|iPhone
		{5C7544A6-A1FA-444F-9313-C713C884A601}.Release|iPhone.Build.0 = Release|iPhone
		{5C7544A6-A1FA-444F-9313-C713C884A601}.Release|iPhone.Deploy.0 = Release|iPhone
		{5C7544A6-A1FA-444F-9313-C713C884A601}.Release|iPhoneSimulator.ActiveCfg = Release|iPhoneSimulator
		{5C7544A6-A1FA-444F-9313-C713C884A601}.Release|iPhoneSimulator.Build.0 = Release|iPhoneSimulator
		{5C7544A6-A1FA-444F-9313-C713C884A601}.Release|iPhoneSimulator.Deploy.0 = Release|iPhoneSimulator
		{AC445498-DF8C-4D02-8E34-C4502250D1C8}.Debug|Any CPU.ActiveCfg = Debug|Any CPU
		{AC445498-DF8C-4D02-8E34-C4502250D1C8}.Debug|Any CPU.Build.0 = Debug|Any CPU
		{AC445498-DF8C-4D02-8E34-C4502250D1C8}.Debug|Any CPU.Deploy.0 = Debug|Any CPU
		{AC445498-DF8C-4D02-8E34-C4502250D1C8}.Debug|iPhone.ActiveCfg = Debug|Any CPU
		{AC445498-DF8C-4D02-8E34-C4502250D1C8}.Debug|iPhone.Build.0 = Debug|Any CPU
		{AC445498-DF8C-4D02-8E34-C4502250D1C8}.Debug|iPhone.Deploy.0 = Debug|Any CPU
		{AC445498-DF8C-4D02-8E34-C4502250D1C8}.Debug|iPhoneSimulator.ActiveCfg = Debug|Any CPU
		{AC445498-DF8C-4D02-8E34-C4502250D1C8}.Debug|iPhoneSimulator.Build.0 = Debug|Any CPU
		{AC445498-DF8C-4D02-8E34-C4502250D1C8}.Debug|iPhoneSimulator.Deploy.0 = Debug|Any CPU
		{AC445498-DF8C-4D02-8E34-C4502250D1C8}.Release|Any CPU.ActiveCfg = Release|Any CPU
		{AC445498-DF8C-4D02-8E34-C4502250D1C8}.Release|Any CPU.Build.0 = Release|Any CPU
		{AC445498-DF8C-4D02-8E34-C4502250D1C8}.Release|Any CPU.Deploy.0 = Release|Any CPU
		{AC445498-DF8C-4D02-8E34-C4502250D1C8}.Release|iPhone.ActiveCfg = Release|Any CPU
		{AC445498-DF8C-4D02-8E34-C4502250D1C8}.Release|iPhone.Build.0 = Release|Any CPU
		{AC445498-DF8C-4D02-8E34-C4502250D1C8}.Release|iPhone.Deploy.0 = Release|Any CPU
		{AC445498-DF8C-4D02-8E34-C4502250D1C8}.Release|iPhoneSimulator.ActiveCfg = Release|Any CPU
		{AC445498-DF8C-4D02-8E34-C4502250D1C8}.Release|iPhoneSimulator.Build.0 = Release|Any CPU
		{AC445498-DF8C-4D02-8E34-C4502250D1C8}.Release|iPhoneSimulator.Deploy.0 = Release|Any CPU
	EndGlobalSection
	GlobalSection(SolutionProperties) = preSolution
		HideSolutionNode = FALSE
	EndGlobalSection
	GlobalSection(ExtensibilityGlobals) = postSolution
		SolutionGuid = {FB5469E0-7ACF-460B-AA57-790820041BBE}
	EndGlobalSection
EndGlobal
